
Microsoft Visual Studio Solution File, Format Version 12.00
# Visual Studio Version 17
VisualStudioVersion = 17.5.33424.131
MinimumVisualStudioVersion = 10.0.40219.1
Project("{FAE04EC0-301F-11D3-BF4B-00C04F79EFBC}") = "TestWebApp", "TestWebApp.csproj", "{B71293D1-A4D6-47B7-BB6F-35222448C7B9}"
EndProject
Global
	GlobalSection(SolutionConfigurationPlatforms) = preSolution
		Debug|Any CPU = Debug|Any CPU
		Release|Any CPU = Release|Any CPU
	EndGlobalSection
	GlobalSection(ProjectConfigurationPlatforms) = postSolution
		{B71293D1-A4D6-47B7-BB6F-35222448C7B9}.Debug|Any CPU.ActiveCfg = Debug|Any CPU
		{B71293D1-A4D6-47B7-BB6F-35222448C7B9}.Debug|Any CPU.Build.0 = Debug|Any CPU
		{B71293D1-A4D6-47B7-BB6F-35222448C7B9}.Release|Any CPU.ActiveCfg = Release|Any CPU
		{B71293D1-A4D6-47B7-BB6F-35222448C7B9}.Release|Any CPU.Build.0 = Release|Any CPU
	EndGlobalSection
	GlobalSection(SolutionProperties) = preSolution
		HideSolutionNode = FALSE
	EndGlobalSection
	GlobalSection(ExtensibilityGlobals) = postSolution
		SolutionGuid = {2B84ED68-6A59-48A5-9F14-B118523BCA68}
	EndGlobalSection
EndGlobal
